
Microsoft Visual Studio Solution File, Format Version 12.00
# Visual Studio 2012
Project("{8BC9CEB8-8B4A-11D0-8D11-00A0C91BC942}") = "Application", "Application.vcxproj", "{7816996A-1585-4357-8095-4E4BB2DE6FC2}"
EndProject
Global
	GlobalSection(SolutionConfigurationPlatforms) = preSolution
		Debug|Win32 = Debug|Win32
		Release|Win32 = Release|Win32
	EndGlobalSection
	GlobalSection(ProjectConfigurationPlatforms) = postSolution
		{7816996A-1585-4357-8095-4E4BB2DE6FC2}.Debug|Win32.ActiveCfg = Debug|Win32
		{7816996A-1585-4357-8095-4E4BB2DE6FC2}.Debug|Win32.Build.0 = Debug|Win32
		{7816996A-1585-4357-8095-4E4BB2DE6FC2}.Release|Win32.ActiveCfg = Release|Win32
		{7816996A-1585-4357-8095-4E4BB2DE6FC2}.Release|Win32.Build.0 = Release|Win32
	EndGlobalSection
	GlobalSection(SolutionProperties) = preSolution
		HideSolutionNode = FALSE
	EndGlobalSection
EndGlobal
